
Microsoft Visual Studio Solution File, Format Version 12.00
# Visual Studio Version 17
VisualStudioVersion = 17.10.35013.160
MinimumVisualStudioVersion = 10.0.40219.1
Project("{FAE04EC0-301F-11D3-BF4B-00C04F79EFBC}") = "AIAgent-DailyResearchAgent", "AIAgent-DailyResearchAgent\AIAgent-DailyResearchAgent.csproj", "{ABA317D9-AE6B-4F16-B32B-0514EAB927A3}"
EndProject
Global
	GlobalSection(SolutionConfigurationPlatforms) = preSolution
		Debug|Any CPU = Debug|Any CPU
		Release|Any CPU = Release|Any CPU
	EndGlobalSection
	GlobalSection(ProjectConfigurationPlatforms) = postSolution
		{ABA317D9-AE6B-4F16-B32B-0514EAB927A3}.Debug|Any CPU.ActiveCfg = Debug|Any CPU
		{ABA317D9-AE6B-4F16-B32B-0514EAB927A3}.Debug|Any CPU.Build.0 = Debug|Any CPU
		{ABA317D9-AE6B-4F16-B32B-0514EAB927A3}.Release|Any CPU.ActiveCfg = Release|Any CPU
		{ABA317D9-AE6B-4F16-B32B-0514EAB927A3}.Release|Any CPU.Build.0 = Release|Any CPU
	EndGlobalSection
	GlobalSection(SolutionProperties) = preSolution
		HideSolutionNode = FALSE
	EndGlobalSection
	GlobalSection(ExtensibilityGlobals) = postSolution
		SolutionGuid = {DC259C83-3D9D-4EF0-BBA8-B7E147DDE087}
	EndGlobalSection
EndGlobal
